
Microsoft Visual Studio Solution File, Format Version 12.00
# Visual Studio Version 17
VisualStudioVersion = 17.11.35219.272
MinimumVisualStudioVersion = 10.0.40219.1
Project("{FAE04EC0-301F-11D3-BF4B-00C04F79EFBC}") = "junpro_responsi", "junpro_responsi\junpro_responsi.csproj", "{1E40232D-FFBD-41A3-82C5-EBB8726B4F55}"
EndProject
Global
	GlobalSection(SolutionConfigurationPlatforms) = preSolution
		Debug|Any CPU = Debug|Any CPU
		Release|Any CPU = Release|Any CPU
	EndGlobalSection
	GlobalSection(ProjectConfigurationPlatforms) = postSolution
		{1E40232D-FFBD-41A3-82C5-EBB8726B4F55}.Debug|Any CPU.ActiveCfg = Debug|Any CPU
		{1E40232D-FFBD-41A3-82C5-EBB8726B4F55}.Debug|Any CPU.Build.0 = Debug|Any CPU
		{1E40232D-FFBD-41A3-82C5-EBB8726B4F55}.Release|Any CPU.ActiveCfg = Release|Any CPU
		{1E40232D-FFBD-41A3-82C5-EBB8726B4F55}.Release|Any CPU.Build.0 = Release|Any CPU
	EndGlobalSection
	GlobalSection(SolutionProperties) = preSolution
		HideSolutionNode = FALSE
	EndGlobalSection
	GlobalSection(ExtensibilityGlobals) = postSolution
		SolutionGuid = {E3ECF8BA-B344-4DC9-ADF6-E8CFDD72DF1B}
	EndGlobalSection
EndGlobal
